{
  "object": {
    "pins": [
      {
        "package": "FetchImage",
        "repositoryURL": "https://github.com/kean/FetchImage",
        "state": {
          "branch": null,
          "revision": "b9ea4f9f97a4bc9fde452cea277d25d0a4f8f6df",
          "version": "0.2.1"
        }
      },
      {
        "package": "Nuke",
        "repositoryURL": "https://github.com/kean/Nuke",
        "state": {
          "branch": null,
          "revision": "a2a56211cd80614e1ac90bf2e76c5329f4f6b3d0",
          "version": "9.1.2"
        }
      }
    ]
  },
  "version": 1
}
